version = 1
requires-python = ">=3.13"

[[package]]
name = "levenshtein"
version = "0.26.1"
source = { registry = "https://pypi.org/simple" }
dependencies = [
    { name = "rapidfuzz" },
]
sdist = { url = "https://files.pythonhosted.org/packages/97/e6/79807d3b59a67dd78bb77072ca6a28d8db0935161fecf935e6c38c5f6825/levenshtein-0.26.1.tar.gz", hash = "sha256:0d19ba22330d50609b2349021ec3cf7d905c6fe21195a2d0d876a146e7ed2575", size = 374307 }
wheels = [
    { url = "https://files.pythonhosted.org/packages/7e/d6/b4b522b94d7b387c023d22944590befc0ac6b766ac6d197afd879ddd77fc/levenshtein-0.26.1-cp313-cp313-macosx_10_13_x86_64.whl", hash = "sha256:790374a9f5d2cbdb30ee780403a62e59bef51453ac020668c1564d1e43438f0e", size = 175836 },
    { url = "https://files.pythonhosted.org/packages/25/76/06d1e26a8e6d0de68ef4a157dd57f6b342413c03550309e4aa095a453b28/levenshtein-0.26.1-cp313-cp313-macosx_11_0_arm64.whl", hash = "sha256:7b05c0415c386d00efda83d48db9db68edd02878d6dbc6df01194f12062be1bb", size = 157036 },
    { url = "https://files.pythonhosted.org/packages/7e/23/21209a9e96b878aede3bea104533866762ba621e36fc344aa080db5feb02/levenshtein-0.26.1-cp313-cp313-manylinux_2_17_aarch64.manylinux2014_aarch64.whl", hash = "sha256:c3114586032361722ddededf28401ce5baf1cf617f9f49fb86b8766a45a423ff", size = 153326 },
    { url = "https://files.pythonhosted.org/packages/06/38/9fc68685fffd8863b13864552eba8f3eb6a82a4dc558bf2c6553c2347d6c/levenshtein-0.26.1-cp313-cp313-manylinux_2_17_ppc64le.manylinux2014_ppc64le.whl", hash = "sha256:2532f8a13b68bf09f152d906f118a88da2063da22f44c90e904b142b0a53d534", size = 183693 },
    { url = "https://files.pythonhosted.org/packages/f6/82/ccd7bdd7d431329da025e649c63b731df44f8cf31b957e269ae1c1dc9a8e/levenshtein-0.26.1-cp313-cp313-manylinux_2_17_s390x.manylinux2014_s390x.whl", hash = "sha256:219c30be6aa734bf927188d1208b7d78d202a3eb017b1c5f01ab2034d2d4ccca", size = 190581 },
    { url = "https://files.pythonhosted.org/packages/6e/c5/57f90b4aea1f89f853872b27a5a5dbce37b89ffeae42c02060b3e82038b2/levenshtein-0.26.1-cp313-cp313-manylinux_2_17_x86_64.manylinux2014_x86_64.whl", hash = "sha256:397e245e77f87836308bd56305bba630010cd8298c34c4c44bd94990cdb3b7b1", size = 162446 },
    { url = "https://files.pythonhosted.org/packages/fc/da/df6acca738921f896ce2d178821be866b43a583f85e2d1de63a4f8f78080/levenshtein-0.26.1-cp313-cp313-manylinux_2_5_i686.manylinux1_i686.manylinux_2_17_i686.manylinux2014_i686.whl", hash = "sha256:aeff6ea3576f72e26901544c6c55c72a7b79b9983b6f913cba0e9edbf2f87a97", size = 247123 },
    { url = "https://files.pythonhosted.org/packages/22/fb/f44a4c0d7784ccd32e4166714fea61e50f62b232162ae16332f45cb55ab2/levenshtein-0.26.1-cp313-cp313-musllinux_1_2_aarch64.whl", hash = "sha256:a19862e3539a697df722a08793994e334cd12791e8144851e8a1dee95a17ff63", size = 1077437 },
    { url = "https://files.pythonhosted.org/packages/f0/5e/d9b9e7daa13cc7e2184a3c2422bb847f05d354ce15ba113b20d83e9ab366/levenshtein-0.26.1-cp313-cp313-musllinux_1_2_i686.whl", hash = "sha256:dc3b5a64f57c3c078d58b1e447f7d68cad7ae1b23abe689215d03fc434f8f176", size = 1330362 },
    { url = "https://files.pythonhosted.org/packages/bf/67/480d85bb516798014a6849be0225b246f35df4b54499c348c9c9e311f936/levenshtein-0.26.1-cp313-cp313-musllinux_1_2_ppc64le.whl", hash = "sha256:bb6c7347424a91317c5e1b68041677e4c8ed3e7823b5bbaedb95bffb3c3497ea", size = 1198721 },
    { url = "https://files.pythonhosted.org/packages/9a/7d/889ff7d86903b6545665655627113d263c88c6d596c68fb09a640ee4f0a7/levenshtein-0.26.1-cp313-cp313-musllinux_1_2_s390x.whl", hash = "sha256:b817376de4195a207cc0e4ca37754c0e1e1078c2a2d35a6ae502afde87212f9e", size = 1351820 },
    { url = "https://files.pythonhosted.org/packages/b9/29/cd42273150f08c200ed2d1879486d73502ee35265f162a77952f101d93a0/levenshtein-0.26.1-cp313-cp313-musllinux_1_2_x86_64.whl", hash = "sha256:7b50c3620ff47c9887debbb4c154aaaac3e46be7fc2e5789ee8dbe128bce6a17", size = 1135747 },
    { url = "https://files.pythonhosted.org/packages/1d/90/cbcfa3dd86023e82036662a19fec2fcb48782d3f9fa322d44dc898d95a5d/levenshtein-0.26.1-cp313-cp313-win32.whl", hash = "sha256:9fb859da90262eb474c190b3ca1e61dee83add022c676520f5c05fdd60df902a", size = 87318 },
    { url = "https://files.pythonhosted.org/packages/83/73/372edebc79fd09a8b2382cf1244d279ada5b795124f1e1c4fc73d9fbb00f/levenshtein-0.26.1-cp313-cp313-win_amd64.whl", hash = "sha256:8adcc90e3a5bfb0a463581d85e599d950fe3c2938ac6247b29388b64997f6e2d", size = 98418 },
    { url = "https://files.pythonhosted.org/packages/b2/6d/f0160ea5a7bb7a62b3b3d56e9fc5024b440cb59555a90be2347abf2e7888/levenshtein-0.26.1-cp313-cp313-win_arm64.whl", hash = "sha256:c2599407e029865dc66d210b8804c7768cbdbf60f061d993bb488d5242b0b73e", size = 87792 },
]

[[package]]
name = "python-levenshtein"
version = "0.26.1"
source = { registry = "https://pypi.org/simple" }
dependencies = [
    { name = "levenshtein" },
]
sdist = { url = "https://files.pythonhosted.org/packages/31/72/58d77cb80b3c130d94f53a8204ffad9acfddb925b2fb5818ff9af0b3c832/python_levenshtein-0.26.1.tar.gz", hash = "sha256:24ba578e28058ebb4afa2700057e1678d7adf27e43cd1f17700c09a9009d5d3a", size = 12276 }
wheels = [
    { url = "https://files.pythonhosted.org/packages/0f/d7/03e0453719ed89724664f781f0255949408118093dbf77a2aa2a1198b38e/python_Levenshtein-0.26.1-py3-none-any.whl", hash = "sha256:8ef5e529dd640fb00f05ee62d998d2ee862f19566b641ace775d5ae16167b2ef", size = 9426 },
]

[[package]]
name = "rapidfuzz"
version = "3.12.1"
source = { registry = "https://pypi.org/simple" }
sdist = { url = "https://files.pythonhosted.org/packages/c9/df/c300ead8c2962f54ad87872e6372a6836f0181a7f20b433c987bd106bfce/rapidfuzz-3.12.1.tar.gz", hash = "sha256:6a98bbca18b4a37adddf2d8201856441c26e9c981d8895491b5bc857b5f780eb", size = 57907552 }
wheels = [
    { url = "https://files.pythonhosted.org/packages/62/d2/ceebc2446d1f3d3f2cae2597116982e50c2eed9ff2f5a322a51736981405/rapidfuzz-3.12.1-cp313-cp313-macosx_10_13_x86_64.whl", hash = "sha256:97f824c15bc6933a31d6e3cbfa90188ba0e5043cf2b6dd342c2b90ee8b3fd47c", size = 1936794 },
    { url = "https://files.pythonhosted.org/packages/88/38/37f7ea800aa959a4f7a63477fc9ad7f3cd024e46bfadce5d23420af6c7e5/rapidfuzz-3.12.1-cp313-cp313-macosx_11_0_arm64.whl", hash = "sha256:a973b3f5cabf931029a3ae4a0f72e3222e53d412ea85fc37ddc49e1774f00fbf", size = 1424155 },
    { url = "https://files.pythonhosted.org/packages/3f/14/409d0aa84430451488177fcc5cba8babcdf5a45cee772a2a265b9b5f4c7e/rapidfuzz-3.12.1-cp313-cp313-manylinux_2_17_aarch64.manylinux2014_aarch64.whl", hash = "sha256:df7880e012228722dec1be02b9ef3898ed023388b8a24d6fa8213d7581932510", size = 1398013 },
    { url = "https://files.pythonhosted.org/packages/4b/2c/601e3ad0bbe61e65f99e72c8cefed9713606cf4b297cc4c3876051db7722/rapidfuzz-3.12.1-cp313-cp313-manylinux_2_17_i686.manylinux2014_i686.whl", hash = "sha256:9c78582f50e75e6c2bc38c791ed291cb89cf26a3148c47860c1a04d6e5379c8e", size = 5526157 },
    { url = "https://files.pythonhosted.org/packages/97/ce/deb7b00ce6e06713fc4df81336402b7fa062f2393c8a47401c228ee906c3/rapidfuzz-3.12.1-cp313-cp313-manylinux_2_17_ppc64le.manylinux2014_ppc64le.whl", hash = "sha256:2d7d9e6a04d8344b0198c96394c28874086888d0a2b2f605f30d1b27b9377b7d", size = 1648446 },
    { url = "https://files.pythonhosted.org/packages/ec/6f/2b8eae1748a022290815999594b438dbc1e072c38c76178ea996920a6253/rapidfuzz-3.12.1-cp313-cp313-manylinux_2_17_s390x.manylinux2014_s390x.whl", hash = "sha256:5620001fd4d6644a2f56880388179cc8f3767670f0670160fcb97c3b46c828af", size = 1676038 },
    { url = "https://files.pythonhosted.org/packages/b9/6c/5c831197aca7148ed85c86bbe940e66073fea0fa97f30307bb5850ed8858/rapidfuzz-3.12.1-cp313-cp313-manylinux_2_17_x86_64.manylinux2014_x86_64.whl", hash = "sha256:0666ab4c52e500af7ba5cc17389f5d15c0cdad06412c80312088519fdc25686d", size = 3114137 },
    { url = "https://files.pythonhosted.org/packages/fc/f2/d66ac185eeb0ee3fc0fe208dab1e72feece2c883bc0ab2097570a8159a7b/rapidfuzz-3.12.1-cp313-cp313-musllinux_1_2_aarch64.whl", hash = "sha256:27b4d440fa50b50c515a91a01ee17e8ede719dca06eef4c0cccf1a111a4cfad3", size = 2305754 },
    { url = "https://files.pythonhosted.org/packages/6c/61/9bf74d7ea9bebc7a1bed707591617bba7901fce414d346a7c5532ef02dbd/rapidfuzz-3.12.1-cp313-cp313-musllinux_1_2_i686.whl", hash = "sha256:83dccfd5a754f2a0e8555b23dde31f0f7920601bfa807aa76829391ea81e7c67", size = 6901746 },
    { url = "https://files.pythonhosted.org/packages/81/73/d8dddf73e168f723ef21272e8abb7d34d9244da395eb90ed5a617f870678/rapidfuzz-3.12.1-cp313-cp313-musllinux_1_2_ppc64le.whl", hash = "sha256:b572b634740e047c53743ed27a1bb3b4f93cf4abbac258cd7af377b2c4a9ba5b", size = 2673947 },
    { url = "https://files.pythonhosted.org/packages/2e/31/3c473cea7d76af162819a5b84f5e7bdcf53b9e19568fc37cfbdab4f4512a/rapidfuzz-3.12.1-cp313-cp313-musllinux_1_2_s390x.whl", hash = "sha256:7fa7b81fb52902d5f78dac42b3d6c835a6633b01ddf9b202a3ca8443be4b2d6a", size = 3233070 },
    { url = "https://files.pythonhosted.org/packages/c0/b7/73227dcbf8586f0ca4a77be2720311367288e2db142ae00a1404f42e712d/rapidfuzz-3.12.1-cp313-cp313-musllinux_1_2_x86_64.whl", hash = "sha256:b1d4fbff980cb6baef4ee675963c081f7b5d6580a105d6a4962b20f1f880e1fb", size = 4146828 },
    { url = "https://files.pythonhosted.org/packages/3a/c8/fea749c662e268d348a77501995b51ac95cdc3624f3f95ba261f30b000ff/rapidfuzz-3.12.1-cp313-cp313-win32.whl", hash = "sha256:3fe8da12ea77271097b303fa7624cfaf5afd90261002314e3b0047d36f4afd8d", size = 1831797 },
    { url = "https://files.pythonhosted.org/packages/66/18/11052be5984d9972eb04a52e2931e19e95b2e87731d179f60b79707b7efd/rapidfuzz-3.12.1-cp313-cp313-win_amd64.whl", hash = "sha256:6f7e92fc7d2a7f02e1e01fe4f539324dfab80f27cb70a30dd63a95445566946b", size = 1610169 },
    { url = "https://files.pythonhosted.org/packages/db/c1/66427c618f000298edbd24e46dd3dd2d3fa441a602701ba6a260d41dd62b/rapidfuzz-3.12.1-cp313-cp313-win_arm64.whl", hash = "sha256:e31be53d7f4905a6a038296d8b773a79da9ee9f0cd19af9490c5c5a22e37d2e5", size = 863036 },
]

[[package]]
name = "spellchecker"
version = "0.1.0"
source = { virtual = "." }
dependencies = [
    { name = "python-levenshtein" },
]

[package.metadata]
requires-dist = [{ name = "python-levenshtein", specifier = ">=0.26.1" }]
